
Microsoft Visual Studio Solution File, Format Version 12.00
# Visual Studio Version 17
VisualStudioVersion = 17.12.35506.116
MinimumVisualStudioVersion = 10.0.40219.1
Project("{2150E333-8FDC-42A3-9474-1A3956D46DE8}") = "Solution Items", "Solution Items", "{FF742868-C107-449A-8F70-EFBA5E1873EC}"
	ProjectSection(SolutionItems) = preProject
		..\.editorconfig = ..\.editorconfig
		..\.gitignore = ..\.gitignore
		..\LICENSE = ..\LICENSE
		Menchul.GeoNames.org.props = Menchul.GeoNames.org.props
		..\README.md = ..\README.md
	EndProjectSection
EndProject
Project("{FAE04EC0-301F-11D3-BF4B-00C04F79EFBC}") = "Menchul.GeoNames.org", "Menchul.GeoNames.org\Menchul.GeoNames.org.csproj", "{06E086E8-ADFE-4E76-8D7E-E497ADEA5082}"
EndProject
Global
	GlobalSection(SolutionConfigurationPlatforms) = preSolution
		Debug|Any CPU = Debug|Any CPU
		Release|Any CPU = Release|Any CPU
	EndGlobalSection
	GlobalSection(ProjectConfigurationPlatforms) = postSolution
		{06E086E8-ADFE-4E76-8D7E-E497ADEA5082}.Debug|Any CPU.ActiveCfg = Debug|Any CPU
		{06E086E8-ADFE-4E76-8D7E-E497ADEA5082}.Debug|Any CPU.Build.0 = Debug|Any CPU
		{06E086E8-ADFE-4E76-8D7E-E497ADEA5082}.Release|Any CPU.ActiveCfg = Release|Any CPU
		{06E086E8-ADFE-4E76-8D7E-E497ADEA5082}.Release|Any CPU.Build.0 = Release|Any CPU
	EndGlobalSection
	GlobalSection(SolutionProperties) = preSolution
		HideSolutionNode = FALSE
	EndGlobalSection
	GlobalSection(ExtensibilityGlobals) = postSolution
		SolutionGuid = {F43CF7D3-0143-4169-B98E-4B478B718AF4}
	EndGlobalSection
EndGlobal
